// !$*UTF8*$!
{
	archiveVersion = 1;
	classes = {
	};
	objectVersion = 51;
	objects = {

/* Begin PBXBuildFile section */
		6C5F45E1D1A6D6D72156495C /* Pods_What_Todo_What_TodoUITests.framework in Frameworks */ = {isa = PBXBuildFile; fileRef = 9AA194ED4300980B43C9445A /* Pods_What_Todo_What_TodoUITests.framework */; };
		909093B4DA0F0A6469555018 /* Pods_What_TodoTests.framework in Frameworks */ = {isa = PBXBuildFile; fileRef = 87B07626A8BB49E4A6668558 /* Pods_What_TodoTests.framework */; };
		AA75BD6724521BD800950950 /* CategoryCollectionViewCell.swift in Sources */ = {isa = PBXBuildFile; fileRef = AA75BD6624521BD800950950 /* CategoryCollectionViewCell.swift */; };
		AAC5149824510E37004BCEE9 /* AppDelegate.swift in Sources */ = {isa = PBXBuildFile; fileRef = AAC5149724510E37004BCEE9 /* AppDelegate.swift */; };
		AAC5149A24510E37004BCEE9 /* SceneDelegate.swift in Sources */ = {isa = PBXBuildFile; fileRef = AAC5149924510E37004BCEE9 /* SceneDelegate.swift */; };
		AAC5149F24510E37004BCEE9 /* Main.storyboard in Resources */ = {isa = PBXBuildFile; fileRef = AAC5149D24510E37004BCEE9 /* Main.storyboard */; };
		AAC514A124510E3A004BCEE9 /* Assets.xcassets in Resources */ = {isa = PBXBuildFile; fileRef = AAC514A024510E3A004BCEE9 /* Assets.xcassets */; };
		AAC514A424510E3A004BCEE9 /* LaunchScreen.storyboard in Resources */ = {isa = PBXBuildFile; fileRef = AAC514A224510E3A004BCEE9 /* LaunchScreen.storyboard */; };
		AAC514AF24510E3A004BCEE9 /* What_TodoTests.swift in Sources */ = {isa = PBXBuildFile; fileRef = AAC514AE24510E3A004BCEE9 /* What_TodoTests.swift */; };
		AAC514BA24510E3B004BCEE9 /* What_TodoUITests.swift in Sources */ = {isa = PBXBuildFile; fileRef = AAC514B924510E3B004BCEE9 /* What_TodoUITests.swift */; };
		AAC514CA24511E7A004BCEE9 /* PostListTableViewController.swift in Sources */ = {isa = PBXBuildFile; fileRef = AAC514C924511E7A004BCEE9 /* PostListTableViewController.swift */; };
		AAC514CE2451228D004BCEE9 /* LoginViewController.swift in Sources */ = {isa = PBXBuildFile; fileRef = AAC514CD2451228D004BCEE9 /* LoginViewController.swift */; };
		AAC514D02451232B004BCEE9 /* Post.swift in Sources */ = {isa = PBXBuildFile; fileRef = AAC514CF2451232B004BCEE9 /* Post.swift */; };
		AAC514D224512726004BCEE9 /* User.swift in Sources */ = {isa = PBXBuildFile; fileRef = AAC514D124512726004BCEE9 /* User.swift */; };
		AAC514D4245128E0004BCEE9 /* Category.swift in Sources */ = {isa = PBXBuildFile; fileRef = AAC514D3245128E0004BCEE9 /* Category.swift */; };
		AAC514D824514DF3004BCEE9 /* MainCategoryCollectionViewController.swift in Sources */ = {isa = PBXBuildFile; fileRef = AAC514D724514DF3004BCEE9 /* MainCategoryCollectionViewController.swift */; };
		AAC76A0E2452465F00ADBA0B /* PostTableViewCell.swift in Sources */ = {isa = PBXBuildFile; fileRef = AAC76A0D2452465F00ADBA0B /* PostTableViewCell.swift */; };
		AAC76A102454B54D00ADBA0B /* SignUpViewController.swift in Sources */ = {isa = PBXBuildFile; fileRef = AAC76A0F2454B54D00ADBA0B /* SignUpViewController.swift */; };
		AAF20C572456220B00A5BFF9 /* GoogleService-Info.plist in Resources */ = {isa = PBXBuildFile; fileRef = AAF20C562456220B00A5BFF9 /* GoogleService-Info.plist */; };
		F2DCAC7C8693493E9D420A6D /* Pods_What_Todo.framework in Frameworks */ = {isa = PBXBuildFile; fileRef = 77460AFB54CAA2C18160386C /* Pods_What_Todo.framework */; };
/* End PBXBuildFile section */

/* Begin PBXContainerItemProxy section */
		AAC514AB24510E3A004BCEE9 /* PBXContainerItemProxy */ = {
			isa = PBXContainerItemProxy;
			containerPortal = AAC5148C24510E37004BCEE9 /* Project object */;
			proxyType = 1;
			remoteGlobalIDString = AAC5149324510E37004BCEE9;
			remoteInfo = "What Todo";
		};
		AAC514B624510E3A004BCEE9 /* PBXContainerItemProxy */ = {
			isa = PBXContainerItemProxy;
			containerPortal = AAC5148C24510E37004BCEE9 /* Project object */;
			proxyType = 1;
			remoteGlobalIDString = AAC5149324510E37004BCEE9;
			remoteInfo = "What Todo";
		};
/* End PBXContainerItemProxy section */

/* Begin PBXFileReference section */
		0575F994DD14B552D51E2F05 /* Pods-What Todo.release.xcconfig */ = {isa = PBXFileReference; includeInIndex = 1; lastKnownFileType = text.xcconfig; name = "Pods-What Todo.release.xcconfig"; path = "Target Support Files/Pods-What Todo/Pods-What Todo.release.xcconfig"; sourceTree = "<group>"; };
		77460AFB54CAA2C18160386C /* Pods_What_Todo.framework */ = {isa = PBXFileReference; explicitFileType = wrapper.framework; includeInIndex = 0; path = Pods_What_Todo.framework; sourceTree = BUILT_PRODUCTS_DIR; };
		87B07626A8BB49E4A6668558 /* Pods_What_TodoTests.framework */ = {isa = PBXFileReference; explicitFileType = wrapper.framework; includeInIndex = 0; path = Pods_What_TodoTests.framework; sourceTree = BUILT_PRODUCTS_DIR; };
		8969C62A35700660EA1D4552 /* Pods-What Todo-What TodoUITests.debug.xcconfig */ = {isa = PBXFileReference; includeInIndex = 1; lastKnownFileType = text.xcconfig; name = "Pods-What Todo-What TodoUITests.debug.xcconfig"; path = "Target Support Files/Pods-What Todo-What TodoUITests/Pods-What Todo-What TodoUITests.debug.xcconfig"; sourceTree = "<group>"; };
		9AA194ED4300980B43C9445A /* Pods_What_Todo_What_TodoUITests.framework */ = {isa = PBXFileReference; explicitFileType = wrapper.framework; includeInIndex = 0; path = Pods_What_Todo_What_TodoUITests.framework; sourceTree = BUILT_PRODUCTS_DIR; };
		AA75BD6624521BD800950950 /* CategoryCollectionViewCell.swift */ = {isa = PBXFileReference; lastKnownFileType = sourcecode.swift; path = CategoryCollectionViewCell.swift; sourceTree = "<group>"; };
		AAC5149424510E37004BCEE9 /* What Todo.app */ = {isa = PBXFileReference; explicitFileType = wrapper.application; includeInIndex = 0; path = "What Todo.app"; sourceTree = BUILT_PRODUCTS_DIR; };
		AAC5149724510E37004BCEE9 /* AppDelegate.swift */ = {isa = PBXFileReference; lastKnownFileType = sourcecode.swift; path = AppDelegate.swift; sourceTree = "<group>"; };
		AAC5149924510E37004BCEE9 /* SceneDelegate.swift */ = {isa = PBXFileReference; lastKnownFileType = sourcecode.swift; path = SceneDelegate.swift; sourceTree = "<group>"; };
		AAC5149E24510E37004BCEE9 /* Base */ = {isa = PBXFileReference; lastKnownFileType = file.storyboard; name = Base; path = Base.lproj/Main.storyboard; sourceTree = "<group>"; };
		AAC514A024510E3A004BCEE9 /* Assets.xcassets */ = {isa = PBXFileReference; lastKnownFileType = folder.assetcatalog; path = Assets.xcassets; sourceTree = "<group>"; };
		AAC514A324510E3A004BCEE9 /* Base */ = {isa = PBXFileReference; lastKnownFileType = file.storyboard; name = Base; path = Base.lproj/LaunchScreen.storyboard; sourceTree = "<group>"; };
		AAC514A524510E3A004BCEE9 /* Info.plist */ = {isa = PBXFileReference; lastKnownFileType = text.plist.xml; path = Info.plist; sourceTree = "<group>"; };
		AAC514AA24510E3A004BCEE9 /* What TodoTests.xctest */ = {isa = PBXFileReference; explicitFileType = wrapper.cfbundle; includeInIndex = 0; path = "What TodoTests.xctest"; sourceTree = BUILT_PRODUCTS_DIR; };
		AAC514AE24510E3A004BCEE9 /* What_TodoTests.swift */ = {isa = PBXFileReference; lastKnownFileType = sourcecode.swift; path = What_TodoTests.swift; sourceTree = "<group>"; };
		AAC514B024510E3A004BCEE9 /* Info.plist */ = {isa = PBXFileReference; lastKnownFileType = text.plist.xml; path = Info.plist; sourceTree = "<group>"; };
		AAC514B524510E3A004BCEE9 /* What TodoUITests.xctest */ = {isa = PBXFileReference; explicitFileType = wrapper.cfbundle; includeInIndex = 0; path = "What TodoUITests.xctest"; sourceTree = BUILT_PRODUCTS_DIR; };
		AAC514B924510E3B004BCEE9 /* What_TodoUITests.swift */ = {isa = PBXFileReference; lastKnownFileType = sourcecode.swift; path = What_TodoUITests.swift; sourceTree = "<group>"; };
		AAC514BB24510E3B004BCEE9 /* Info.plist */ = {isa = PBXFileReference; lastKnownFileType = text.plist.xml; path = Info.plist; sourceTree = "<group>"; };
		AAC514C924511E7A004BCEE9 /* PostListTableViewController.swift */ = {isa = PBXFileReference; lastKnownFileType = sourcecode.swift; path = PostListTableViewController.swift; sourceTree = "<group>"; };
		AAC514CD2451228D004BCEE9 /* LoginViewController.swift */ = {isa = PBXFileReference; lastKnownFileType = sourcecode.swift; path = LoginViewController.swift; sourceTree = "<group>"; };
		AAC514CF2451232B004BCEE9 /* Post.swift */ = {isa = PBXFileReference; lastKnownFileType = sourcecode.swift; path = Post.swift; sourceTree = "<group>"; };
		AAC514D124512726004BCEE9 /* User.swift */ = {isa = PBXFileReference; lastKnownFileType = sourcecode.swift; path = User.swift; sourceTree = "<group>"; };
		AAC514D3245128E0004BCEE9 /* Category.swift */ = {isa = PBXFileReference; lastKnownFileType = sourcecode.swift; path = Category.swift; sourceTree = "<group>"; };
		AAC514D724514DF3004BCEE9 /* MainCategoryCollectionViewController.swift */ = {isa = PBXFileReference; lastKnownFileType = sourcecode.swift; path = MainCategoryCollectionViewController.swift; sourceTree = "<group>"; };
		AAC76A0D2452465F00ADBA0B /* PostTableViewCell.swift */ = {isa = PBXFileReference; lastKnownFileType = sourcecode.swift; path = PostTableViewCell.swift; sourceTree = "<group>"; };
		AAC76A0F2454B54D00ADBA0B /* SignUpViewController.swift */ = {isa = PBXFileReference; lastKnownFileType = sourcecode.swift; path = SignUpViewController.swift; sourceTree = "<group>"; };
		AAF20C562456220B00A5BFF9 /* GoogleService-Info.plist */ = {isa = PBXFileReference; fileEncoding = 4; lastKnownFileType = text.plist.xml; path = "GoogleService-Info.plist"; sourceTree = "<group>"; };
		B44ED61AF566EB570DDAB2D2 /* Pods-What Todo.debug.xcconfig */ = {isa = PBXFileReference; includeInIndex = 1; lastKnownFileType = text.xcconfig; name = "Pods-What Todo.debug.xcconfig"; path = "Target Support Files/Pods-What Todo/Pods-What Todo.debug.xcconfig"; sourceTree = "<group>"; };
		B569A72B65A27262BBD6BE53 /* Pods-What Todo-What TodoUITests.release.xcconfig */ = {isa = PBXFileReference; includeInIndex = 1; lastKnownFileType = text.xcconfig; name = "Pods-What Todo-What TodoUITests.release.xcconfig"; path = "Target Support Files/Pods-What Todo-What TodoUITests/Pods-What Todo-What TodoUITests.release.xcconfig"; sourceTree = "<group>"; };
		CD14E8B3B60ED13954EEA65A /* Pods-What TodoTests.debug.xcconfig */ = {isa = PBXFileReference; includeInIndex = 1; lastKnownFileType = text.xcconfig; name = "Pods-What TodoTests.debug.xcconfig"; path = "Target Support Files/Pods-What TodoTests/Pods-What TodoTests.debug.xcconfig"; sourceTree = "<group>"; };
		D08FB8FAEF3254634A326766 /* Pods-What TodoTests.release.xcconfig */ = {isa = PBXFileReference; includeInIndex = 1; lastKnownFileType = text.xcconfig; name = "Pods-What TodoTests.release.xcconfig"; path = "Target Support Files/Pods-What TodoTests/Pods-What TodoTests.release.xcconfig"; sourceTree = "<group>"; };
/* End PBXFileReference section */

/* Begin PBXFrameworksBuildPhase section */
		AAC5149124510E37004BCEE9 /* Frameworks */ = {
			isa = PBXFrameworksBuildPhase;
			buildActionMask = 2147483647;
			files = (
				F2DCAC7C8693493E9D420A6D /* Pods_What_Todo.framework in Frameworks */,
			);
			runOnlyForDeploymentPostprocessing = 0;
		};
		AAC514A724510E3A004BCEE9 /* Frameworks */ = {
			isa = PBXFrameworksBuildPhase;
			buildActionMask = 2147483647;
			files = (
				909093B4DA0F0A6469555018 /* Pods_What_TodoTests.framework in Frameworks */,
			);
			runOnlyForDeploymentPostprocessing = 0;
		};
		AAC514B224510E3A004BCEE9 /* Frameworks */ = {
			isa = PBXFrameworksBuildPhase;
			buildActionMask = 2147483647;
			files = (
				6C5F45E1D1A6D6D72156495C /* Pods_What_Todo_What_TodoUITests.framework in Frameworks */,
			);
			runOnlyForDeploymentPostprocessing = 0;
		};
/* End PBXFrameworksBuildPhase section */

/* Begin PBXGroup section */
		45C3D725728D90403980A3B7 /* Frameworks */ = {
			isa = PBXGroup;
			children = (
				77460AFB54CAA2C18160386C /* Pods_What_Todo.framework */,
				9AA194ED4300980B43C9445A /* Pods_What_Todo_What_TodoUITests.framework */,
				87B07626A8BB49E4A6668558 /* Pods_What_TodoTests.framework */,
			);
			name = Frameworks;
			sourceTree = "<group>";
		};
		51B9FB4A1F3A24BBACFA2186 /* Pods */ = {
			isa = PBXGroup;
			children = (
				B44ED61AF566EB570DDAB2D2 /* Pods-What Todo.debug.xcconfig */,
				0575F994DD14B552D51E2F05 /* Pods-What Todo.release.xcconfig */,
				8969C62A35700660EA1D4552 /* Pods-What Todo-What TodoUITests.debug.xcconfig */,
				B569A72B65A27262BBD6BE53 /* Pods-What Todo-What TodoUITests.release.xcconfig */,
				CD14E8B3B60ED13954EEA65A /* Pods-What TodoTests.debug.xcconfig */,
				D08FB8FAEF3254634A326766 /* Pods-What TodoTests.release.xcconfig */,
			);
			path = Pods;
			sourceTree = "<group>";
		};
		AAC5148B24510E37004BCEE9 = {
			isa = PBXGroup;
			children = (
				AAC5149624510E37004BCEE9 /* What Todo */,
				AAC514AD24510E3A004BCEE9 /* What TodoTests */,
				AAC514B824510E3B004BCEE9 /* What TodoUITests */,
				AAC5149524510E37004BCEE9 /* Products */,
				51B9FB4A1F3A24BBACFA2186 /* Pods */,
				45C3D725728D90403980A3B7 /* Frameworks */,
			);
			sourceTree = "<group>";
		};
		AAC5149524510E37004BCEE9 /* Products */ = {
			isa = PBXGroup;
			children = (
				AAC5149424510E37004BCEE9 /* What Todo.app */,
				AAC514AA24510E3A004BCEE9 /* What TodoTests.xctest */,
				AAC514B524510E3A004BCEE9 /* What TodoUITests.xctest */,
			);
			name = Products;
			sourceTree = "<group>";
		};
		AAC5149624510E37004BCEE9 /* What Todo */ = {
			isa = PBXGroup;
			children = (
				AAC514CB24511FF0004BCEE9 /* Models */,
				AAC514CC24511FFF004BCEE9 /* Controllers */,
				AAC5149D24510E37004BCEE9 /* Main.storyboard */,
				AA75BD6624521BD800950950 /* CategoryCollectionViewCell.swift */,
				AAC76A0D2452465F00ADBA0B /* PostTableViewCell.swift */,
				AAC5149724510E37004BCEE9 /* AppDelegate.swift */,
				AAC5149924510E37004BCEE9 /* SceneDelegate.swift */,
				AAC514A024510E3A004BCEE9 /* Assets.xcassets */,
				AAC514A224510E3A004BCEE9 /* LaunchScreen.storyboard */,
				AAF20C562456220B00A5BFF9 /* GoogleService-Info.plist */,
				AAC514A524510E3A004BCEE9 /* Info.plist */,
			);
			path = "What Todo";
			sourceTree = "<group>";
		};
		AAC514AD24510E3A004BCEE9 /* What TodoTests */ = {
			isa = PBXGroup;
			children = (
				AAC514AE24510E3A004BCEE9 /* What_TodoTests.swift */,
				AAC514B024510E3A004BCEE9 /* Info.plist */,
			);
			path = "What TodoTests";
			sourceTree = "<group>";
		};
		AAC514B824510E3B004BCEE9 /* What TodoUITests */ = {
			isa = PBXGroup;
			children = (
				AAC514B924510E3B004BCEE9 /* What_TodoUITests.swift */,
				AAC514BB24510E3B004BCEE9 /* Info.plist */,
			);
			path = "What TodoUITests";
			sourceTree = "<group>";
		};
		AAC514CB24511FF0004BCEE9 /* Models */ = {
			isa = PBXGroup;
			children = (
				AAC514D3245128E0004BCEE9 /* Category.swift */,
				AAC514CF2451232B004BCEE9 /* Post.swift */,
				AAC514D124512726004BCEE9 /* User.swift */,
			);
			path = Models;
			sourceTree = "<group>";
		};
		AAC514CC24511FFF004BCEE9 /* Controllers */ = {
			isa = PBXGroup;
			children = (
				AAC514D724514DF3004BCEE9 /* MainCategoryCollectionViewController.swift */,
				AAC514C924511E7A004BCEE9 /* PostListTableViewController.swift */,
				AAC514CD2451228D004BCEE9 /* LoginViewController.swift */,
				AAC76A0F2454B54D00ADBA0B /* SignUpViewController.swift */,
			);
			path = Controllers;
			sourceTree = "<group>";
		};
/* End PBXGroup section */

/* Begin PBXNativeTarget section */
		AAC5149324510E37004BCEE9 /* What Todo */ = {
			isa = PBXNativeTarget;
			buildConfigurationList = AAC514BE24510E3B004BCEE9 /* Build configuration list for PBXNativeTarget "What Todo" */;
			buildPhases = (
				D3223DB875E94EAE3947B0A8 /* [CP] Check Pods Manifest.lock */,
				AAC5149024510E37004BCEE9 /* Sources */,
				AAC5149124510E37004BCEE9 /* Frameworks */,
				AAC5149224510E37004BCEE9 /* Resources */,
				AC4323AB903E88DC74B85AE9 /* [CP] Embed Pods Frameworks */,
			);
			buildRules = (
			);
			dependencies = (
			);
			name = "What Todo";
			productName = "What Todo";
			productReference = AAC5149424510E37004BCEE9 /* What Todo.app */;
			productType = "com.apple.product-type.application";
		};
		AAC514A924510E3A004BCEE9 /* What TodoTests */ = {
			isa = PBXNativeTarget;
			buildConfigurationList = AAC514C124510E3B004BCEE9 /* Build configuration list for PBXNativeTarget "What TodoTests" */;
			buildPhases = (
				4547D2B9BF607F978D724A42 /* [CP] Check Pods Manifest.lock */,
				AAC514A624510E3A004BCEE9 /* Sources */,
				AAC514A724510E3A004BCEE9 /* Frameworks */,
				AAC514A824510E3A004BCEE9 /* Resources */,
			);
			buildRules = (
			);
			dependencies = (
				AAC514AC24510E3A004BCEE9 /* PBXTargetDependency */,
			);
			name = "What TodoTests";
			productName = "What TodoTests";
			productReference = AAC514AA24510E3A004BCEE9 /* What TodoTests.xctest */;
			productType = "com.apple.product-type.bundle.unit-test";
		};
		AAC514B424510E3A004BCEE9 /* What TodoUITests */ = {
			isa = PBXNativeTarget;
			buildConfigurationList = AAC514C424510E3B004BCEE9 /* Build configuration list for PBXNativeTarget "What TodoUITests" */;
			buildPhases = (
				23AE7E3C5E639C0B979A8C4B /* [CP] Check Pods Manifest.lock */,
				AAC514B124510E3A004BCEE9 /* Sources */,
				AAC514B224510E3A004BCEE9 /* Frameworks */,
				AAC514B324510E3A004BCEE9 /* Resources */,
				1F71E66AE688968FE43CA3FD /* [CP] Embed Pods Frameworks */,
			);
			buildRules = (
			);
			dependencies = (
				AAC514B724510E3A004BCEE9 /* PBXTargetDependency */,
			);
			name = "What TodoUITests";
			productName = "What TodoUITests";
			productReference = AAC514B524510E3A004BCEE9 /* What TodoUITests.xctest */;
			productType = "com.apple.product-type.bundle.ui-testing";
		};
/* End PBXNativeTarget section */

/* Begin PBXProject section */
		AAC5148C24510E37004BCEE9 /* Project object */ = {
			isa = PBXProject;
			attributes = {
				LastSwiftUpdateCheck = 1140;
				LastUpgradeCheck = 1140;
				ORGANIZATIONNAME = "What Todo";
				TargetAttributes = {
					AAC5149324510E37004BCEE9 = {
						CreatedOnToolsVersion = 11.4.1;
					};
					AAC514A924510E3A004BCEE9 = {
						CreatedOnToolsVersion = 11.4.1;
						TestTargetID = AAC5149324510E37004BCEE9;
					};
					AAC514B424510E3A004BCEE9 = {
						CreatedOnToolsVersion = 11.4.1;
						TestTargetID = AAC5149324510E37004BCEE9;
					};
				};
			};
			buildConfigurationList = AAC5148F24510E37004BCEE9 /* Build configuration list for PBXProject "What Todo" */;
			compatibilityVersion = "Xcode 9.3";
			developmentRegion = en;
			hasScannedForEncodings = 0;
			knownRegions = (
				en,
				Base,
			);
			mainGroup = AAC5148B24510E37004BCEE9;
			productRefGroup = AAC5149524510E37004BCEE9 /* Products */;
			projectDirPath = "";
			projectRoot = "";
			targets = (
				AAC5149324510E37004BCEE9 /* What Todo */,
				AAC514A924510E3A004BCEE9 /* What TodoTests */,
				AAC514B424510E3A004BCEE9 /* What TodoUITests */,
			);
		};
/* End PBXProject section */

/* Begin PBXResourcesBuildPhase section */
		AAC5149224510E37004BCEE9 /* Resources */ = {
			isa = PBXResourcesBuildPhase;
			buildActionMask = 2147483647;
			files = (
				AAC514A424510E3A004BCEE9 /* LaunchScreen.storyboard in Resources */,
				AAF20C572456220B00A5BFF9 /* GoogleService-Info.plist in Resources */,
				AAC514A124510E3A004BCEE9 /* Assets.xcassets in Resources */,
				AAC5149F24510E37004BCEE9 /* Main.storyboard in Resources */,
			);
			runOnlyForDeploymentPostprocessing = 0;
		};
		AAC514A824510E3A004BCEE9 /* Resources */ = {
			isa = PBXResourcesBuildPhase;
			buildActionMask = 2147483647;
			files = (
			);
			runOnlyForDeploymentPostprocessing = 0;
		};
		AAC514B324510E3A004BCEE9 /* Resources */ = {
			isa = PBXResourcesBuildPhase;
			buildActionMask = 2147483647;
			files = (
			);
			runOnlyForDeploymentPostprocessing = 0;
		};
/* End PBXResourcesBuildPhase section */

/* Begin PBXShellScriptBuildPhase section */
		1F71E66AE688968FE43CA3FD /* [CP] Embed Pods Frameworks */ = {
			isa = PBXShellScriptBuildPhase;
			buildActionMask = 2147483647;
			files = (
			);
			inputFileListPaths = (
				"${PODS_ROOT}/Target Support Files/Pods-What Todo-What TodoUITests/Pods-What Todo-What TodoUITests-frameworks-${CONFIGURATION}-input-files.xcfilelist",
			);
			name = "[CP] Embed Pods Frameworks";
			outputFileListPaths = (
				"${PODS_ROOT}/Target Support Files/Pods-What Todo-What TodoUITests/Pods-What Todo-What TodoUITests-frameworks-${CONFIGURATION}-output-files.xcfilelist",
			);
			runOnlyForDeploymentPostprocessing = 0;
			shellPath = /bin/sh;
			shellScript = "\"${PODS_ROOT}/Target Support Files/Pods-What Todo-What TodoUITests/Pods-What Todo-What TodoUITests-frameworks.sh\"\n";
			showEnvVarsInLog = 0;
		};
		23AE7E3C5E639C0B979A8C4B /* [CP] Check Pods Manifest.lock */ = {
			isa = PBXShellScriptBuildPhase;
			buildActionMask = 2147483647;
			files = (
			);
			inputFileListPaths = (
			);
			inputPaths = (
				"${PODS_PODFILE_DIR_PATH}/Podfile.lock",
				"${PODS_ROOT}/Manifest.lock",
			);
			name = "[CP] Check Pods Manifest.lock";
			outputFileListPaths = (
			);
			outputPaths = (
				"$(DERIVED_FILE_DIR)/Pods-What Todo-What TodoUITests-checkManifestLockResult.txt",
			);
			runOnlyForDeploymentPostprocessing = 0;
			shellPath = /bin/sh;
			shellScript = "diff \"${PODS_PODFILE_DIR_PATH}/Podfile.lock\" \"${PODS_ROOT}/Manifest.lock\" > /dev/null\nif [ $? != 0 ] ; then\n    # print error to STDERR\n    echo \"error: The sandbox is not in sync with the Podfile.lock. Run 'pod install' or update your CocoaPods installation.\" >&2\n    exit 1\nfi\n# This output is used by Xcode 'outputs' to avoid re-running this script phase.\necho \"SUCCESS\" > \"${SCRIPT_OUTPUT_FILE_0}\"\n";
			showEnvVarsInLog = 0;
		};
		4547D2B9BF607F978D724A42 /* [CP] Check Pods Manifest.lock */ = {
			isa = PBXShellScriptBuildPhase;
			buildActionMask = 2147483647;
			files = (
			);
			inputFileListPaths = (
			);
			inputPaths = (
				"${PODS_PODFILE_DIR_PATH}/Podfile.lock",
				"${PODS_ROOT}/Manifest.lock",
			);
			name = "[CP] Check Pods Manifest.lock";
			outputFileListPaths = (
			);
			outputPaths = (
				"$(DERIVED_FILE_DIR)/Pods-What TodoTests-checkManifestLockResult.txt",
			);
			runOnlyForDeploymentPostprocessing = 0;
			shellPath = /bin/sh;
			shellScript = "diff \"${PODS_PODFILE_DIR_PATH}/Podfile.lock\" \"${PODS_ROOT}/Manifest.lock\" > /dev/null\nif [ $? != 0 ] ; then\n    # print error to STDERR\n    echo \"error: The sandbox is not in sync with the Podfile.lock. Run 'pod install' or update your CocoaPods installation.\" >&2\n    exit 1\nfi\n# This output is used by Xcode 'outputs' to avoid re-running this script phase.\necho \"SUCCESS\" > \"${SCRIPT_OUTPUT_FILE_0}\"\n";
			showEnvVarsInLog = 0;
		};
		AC4323AB903E88DC74B85AE9 /* [CP] Embed Pods Frameworks */ = {
			isa = PBXShellScriptBuildPhase;
			buildActionMask = 2147483647;
			files = (
			);
			inputFileListPaths = (
				"${PODS_ROOT}/Target Support Files/Pods-What Todo/Pods-What Todo-frameworks-${CONFIGURATION}-input-files.xcfilelist",
			);
			name = "[CP] Embed Pods Frameworks";
			outputFileListPaths = (
				"${PODS_ROOT}/Target Support Files/Pods-What Todo/Pods-What Todo-frameworks-${CONFIGURATION}-output-files.xcfilelist",
			);
			runOnlyForDeploymentPostprocessing = 0;
			shellPath = /bin/sh;
			shellScript = "\"${PODS_ROOT}/Target Support Files/Pods-What Todo/Pods-What Todo-frameworks.sh\"\n";
			showEnvVarsInLog = 0;
		};
		D3223DB875E94EAE3947B0A8 /* [CP] Check Pods Manifest.lock */ = {
			isa = PBXShellScriptBuildPhase;
			buildActionMask = 2147483647;
			files = (
			);
			inputFileListPaths = (
			);
			inputPaths = (
				"${PODS_PODFILE_DIR_PATH}/Podfile.lock",
				"${PODS_ROOT}/Manifest.lock",
			);
			name = "[CP] Check Pods Manifest.lock";
			outputFileListPaths = (
			);
			outputPaths = (
				"$(DERIVED_FILE_DIR)/Pods-What Todo-checkManifestLockResult.txt",
			);
			runOnlyForDeploymentPostprocessing = 0;
			shellPath = /bin/sh;
			shellScript = "diff \"${PODS_PODFILE_DIR_PATH}/Podfile.lock\" \"${PODS_ROOT}/Manifest.lock\" > /dev/null\nif [ $? != 0 ] ; then\n    # print error to STDERR\n    echo \"error: The sandbox is not in sync with the Podfile.lock. Run 'pod install' or update your CocoaPods installation.\" >&2\n    exit 1\nfi\n# This output is used by Xcode 'outputs' to avoid re-running this script phase.\necho \"SUCCESS\" > \"${SCRIPT_OUTPUT_FILE_0}\"\n";
			showEnvVarsInLog = 0;
		};
/* End PBXShellScriptBuildPhase section */

/* Begin PBXSourcesBuildPhase section */
		AAC5149024510E37004BCEE9 /* Sources */ = {
			isa = PBXSourcesBuildPhase;
			buildActionMask = 2147483647;
			files = (
				AAC76A0E2452465F00ADBA0B /* PostTableViewCell.swift in Sources */,
				AAC5149824510E37004BCEE9 /* AppDelegate.swift in Sources */,
				AAC5149A24510E37004BCEE9 /* SceneDelegate.swift in Sources */,
				AAC514D824514DF3004BCEE9 /* MainCategoryCollectionViewController.swift in Sources */,
				AAC514D02451232B004BCEE9 /* Post.swift in Sources */,
				AAC76A102454B54D00ADBA0B /* SignUpViewController.swift in Sources */,
				AAC514CE2451228D004BCEE9 /* LoginViewController.swift in Sources */,
				AA75BD6724521BD800950950 /* CategoryCollectionViewCell.swift in Sources */,
				AAC514CA24511E7A004BCEE9 /* PostListTableViewController.swift in Sources */,
				AAC514D224512726004BCEE9 /* User.swift in Sources */,
				AAC514D4245128E0004BCEE9 /* Category.swift in Sources */,
			);
			runOnlyForDeploymentPostprocessing = 0;
		};
		AAC514A624510E3A004BCEE9 /* Sources */ = {
			isa = PBXSourcesBuildPhase;
			buildActionMask = 2147483647;
			files = (
				AAC514AF24510E3A004BCEE9 /* What_TodoTests.swift in Sources */,
			);
			runOnlyForDeploymentPostprocessing = 0;
		};
		AAC514B124510E3A004BCEE9 /* Sources */ = {
			isa = PBXSourcesBuildPhase;
			buildActionMask = 2147483647;
			files = (
				AAC514BA24510E3B004BCEE9 /* What_TodoUITests.swift in Sources */,
			);
			runOnlyForDeploymentPostprocessing = 0;
		};
/* End PBXSourcesBuildPhase section */

/* Begin PBXTargetDependency section */
		AAC514AC24510E3A004BCEE9 /* PBXTargetDependency */ = {
			isa = PBXTargetDependency;
			target = AAC5149324510E37004BCEE9 /* What Todo */;
			targetProxy = AAC514AB24510E3A004BCEE9 /* PBXContainerItemProxy */;
		};
		AAC514B724510E3A004BCEE9 /* PBXTargetDependency */ = {
			isa = PBXTargetDependency;
			target = AAC5149324510E37004BCEE9 /* What Todo */;
			targetProxy = AAC514B624510E3A004BCEE9 /* PBXContainerItemProxy */;
		};
/* End PBXTargetDependency section */

/* Begin PBXVariantGroup section */
		AAC5149D24510E37004BCEE9 /* Main.storyboard */ = {
			isa = PBXVariantGroup;
			children = (
				AAC5149E24510E37004BCEE9 /* Base */,
			);
			name = Main.storyboard;
			sourceTree = "<group>";
		};
		AAC514A224510E3A004BCEE9 /* LaunchScreen.storyboard */ = {
			isa = PBXVariantGroup;
			children = (
				AAC514A324510E3A004BCEE9 /* Base */,
			);
			name = LaunchScreen.storyboard;
			sourceTree = "<group>";
		};
/* End PBXVariantGroup section */

/* Begin XCBuildConfiguration section */
		AAC514BC24510E3B004BCEE9 /* Debug */ = {
			isa = XCBuildConfiguration;
			buildSettings = {
				ALWAYS_SEARCH_USER_PATHS = NO;
				CLANG_ANALYZER_NONNULL = YES;
				CLANG_ANALYZER_NUMBER_OBJECT_CONVERSION = YES_AGGRESSIVE;
				CLANG_CXX_LANGUAGE_STANDARD = "gnu++14";
				CLANG_CXX_LIBRARY = "libc++";
				CLANG_ENABLE_MODULES = YES;
				CLANG_ENABLE_OBJC_ARC = YES;
				CLANG_ENABLE_OBJC_WEAK = YES;
				CLANG_WARN_BLOCK_CAPTURE_AUTORELEASING = YES;
				CLANG_WARN_BOOL_CONVERSION = YES;
				CLANG_WARN_COMMA = YES;
				CLANG_WARN_CONSTANT_CONVERSION = YES;
				CLANG_WARN_DEPRECATED_OBJC_IMPLEMENTATIONS = YES;
				CLANG_WARN_DIRECT_OBJC_ISA_USAGE = YES_ERROR;
				CLANG_WARN_DOCUMENTATION_COMMENTS = YES;
				CLANG_WARN_EMPTY_BODY = YES;
				CLANG_WARN_ENUM_CONVERSION = YES;
				CLANG_WARN_INFINITE_RECURSION = YES;
				CLANG_WARN_INT_CONVERSION = YES;
				CLANG_WARN_NON_LITERAL_NULL_CONVERSION = YES;
				CLANG_WARN_OBJC_IMPLICIT_RETAIN_SELF = YES;
				CLANG_WARN_OBJC_LITERAL_CONVERSION = YES;
				CLANG_WARN_OBJC_ROOT_CLASS = YES_ERROR;
				CLANG_WARN_RANGE_LOOP_ANALYSIS = YES;
				CLANG_WARN_STRICT_PROTOTYPES = YES;
				CLANG_WARN_SUSPICIOUS_MOVE = YES;
				CLANG_WARN_UNGUARDED_AVAILABILITY = YES_AGGRESSIVE;
				CLANG_WARN_UNREACHABLE_CODE = YES;
				CLANG_WARN__DUPLICATE_METHOD_MATCH = YES;
				COPY_PHASE_STRIP = NO;
				DEBUG_INFORMATION_FORMAT = dwarf;
				ENABLE_STRICT_OBJC_MSGSEND = YES;
				ENABLE_TESTABILITY = YES;
				GCC_C_LANGUAGE_STANDARD = gnu11;
				GCC_DYNAMIC_NO_PIC = NO;
				GCC_NO_COMMON_BLOCKS = YES;
				GCC_OPTIMIZATION_LEVEL = 0;
				GCC_PREPROCESSOR_DEFINITIONS = (
					"DEBUG=1",
					"$(inherited)",
				);
				GCC_WARN_64_TO_32_BIT_CONVERSION = YES;
				GCC_WARN_ABOUT_RETURN_TYPE = YES_ERROR;
				GCC_WARN_UNDECLARED_SELECTOR = YES;
				GCC_WARN_UNINITIALIZED_AUTOS = YES_AGGRESSIVE;
				GCC_WARN_UNUSED_FUNCTION = YES;
				GCC_WARN_UNUSED_VARIABLE = YES;
				IPHONEOS_DEPLOYMENT_TARGET = 13.4;
				MTL_ENABLE_DEBUG_INFO = INCLUDE_SOURCE;
				MTL_FAST_MATH = YES;
				ONLY_ACTIVE_ARCH = YES;
				SDKROOT = iphoneos;
				SWIFT_ACTIVE_COMPILATION_CONDITIONS = DEBUG;
				SWIFT_OPTIMIZATION_LEVEL = "-Onone";
			};
			name = Debug;
		};
		AAC514BD24510E3B004BCEE9 /* Release */ = {
			isa = XCBuildConfiguration;
			buildSettings = {
				ALWAYS_SEARCH_USER_PATHS = NO;
				CLANG_ANALYZER_NONNULL = YES;
				CLANG_ANALYZER_NUMBER_OBJECT_CONVERSION = YES_AGGRESSIVE;
				CLANG_CXX_LANGUAGE_STANDARD = "gnu++14";
				CLANG_CXX_LIBRARY = "libc++";
				CLANG_ENABLE_MODULES = YES;
				CLANG_ENABLE_OBJC_ARC = YES;
				CLANG_ENABLE_OBJC_WEAK = YES;
				CLANG_WARN_BLOCK_CAPTURE_AUTORELEASING = YES;
				CLANG_WARN_BOOL_CONVERSION = YES;
				CLANG_WARN_COMMA = YES;
				CLANG_WARN_CONSTANT_CONVERSION = YES;
				CLANG_WARN_DEPRECATED_OBJC_IMPLEMENTATIONS = YES;
				CLANG_WARN_DIRECT_OBJC_ISA_USAGE = YES_ERROR;
				CLANG_WARN_DOCUMENTATION_COMMENTS = YES;
				CLANG_WARN_EMPTY_BODY = YES;
				CLANG_WARN_ENUM_CONVERSION = YES;
				CLANG_WARN_INFINITE_RECURSION = YES;
				CLANG_WARN_INT_CONVERSION = YES;
				CLANG_WARN_NON_LITERAL_NULL_CONVERSION = YES;
				CLANG_WARN_OBJC_IMPLICIT_RETAIN_SELF = YES;
				CLANG_WARN_OBJC_LITERAL_CONVERSION = YES;
				CLANG_WARN_OBJC_ROOT_CLASS = YES_ERROR;
				CLANG_WARN_RANGE_LOOP_ANALYSIS = YES;
				CLANG_WARN_STRICT_PROTOTYPES = YES;
				CLANG_WARN_SUSPICIOUS_MOVE = YES;
				CLANG_WARN_UNGUARDED_AVAILABILITY = YES_AGGRESSIVE;
				CLANG_WARN_UNREACHABLE_CODE = YES;
				CLANG_WARN__DUPLICATE_METHOD_MATCH = YES;
				COPY_PHASE_STRIP = NO;
				DEBUG_INFORMATION_FORMAT = "dwarf-with-dsym";
				ENABLE_NS_ASSERTIONS = NO;
				ENABLE_STRICT_OBJC_MSGSEND = YES;
				GCC_C_LANGUAGE_STANDARD = gnu11;
				GCC_NO_COMMON_BLOCKS = YES;
				GCC_WARN_64_TO_32_BIT_CONVERSION = YES;
				GCC_WARN_ABOUT_RETURN_TYPE = YES_ERROR;
				GCC_WARN_UNDECLARED_SELECTOR = YES;
				GCC_WARN_UNINITIALIZED_AUTOS = YES_AGGRESSIVE;
				GCC_WARN_UNUSED_FUNCTION = YES;
				GCC_WARN_UNUSED_VARIABLE = YES;
				IPHONEOS_DEPLOYMENT_TARGET = 13.4;
				MTL_ENABLE_DEBUG_INFO = NO;
				MTL_FAST_MATH = YES;
				SDKROOT = iphoneos;
				SWIFT_COMPILATION_MODE = wholemodule;
				SWIFT_OPTIMIZATION_LEVEL = "-O";
				VALIDATE_PRODUCT = YES;
			};
			name = Release;
		};
		AAC514BF24510E3B004BCEE9 /* Debug */ = {
			isa = XCBuildConfiguration;
			baseConfigurationReference = B44ED61AF566EB570DDAB2D2 /* Pods-What Todo.debug.xcconfig */;
			buildSettings = {
				ASSETCATALOG_COMPILER_APPICON_NAME = AppIcon;
				CODE_SIGN_STYLE = Automatic;
				INFOPLIST_FILE = "What Todo/Info.plist";
				LD_RUNPATH_SEARCH_PATHS = (
					"$(inherited)",
					"@executable_path/Frameworks",
				);
				PRODUCT_BUNDLE_IDENTIFIER = "soma.yoshida.What-Todo";
				PRODUCT_NAME = "$(TARGET_NAME)";
				SWIFT_VERSION = 5.0;
				TARGETED_DEVICE_FAMILY = "1,2";
			};
			name = Debug;
		};
		AAC514C024510E3B004BCEE9 /* Release */ = {
			isa = XCBuildConfiguration;
			baseConfigurationReference = 0575F994DD14B552D51E2F05 /* Pods-What Todo.release.xcconfig */;
			buildSettings = {
				ASSETCATALOG_COMPILER_APPICON_NAME = AppIcon;
				CODE_SIGN_STYLE = Automatic;
				INFOPLIST_FILE = "What Todo/Info.plist";
				LD_RUNPATH_SEARCH_PATHS = (
					"$(inherited)",
					"@executable_path/Frameworks",
				);
				PRODUCT_BUNDLE_IDENTIFIER = "soma.yoshida.What-Todo";
				PRODUCT_NAME = "$(TARGET_NAME)";
				SWIFT_VERSION = 5.0;
				TARGETED_DEVICE_FAMILY = "1,2";
			};
			name = Release;
		};
		AAC514C224510E3B004BCEE9 /* Debug */ = {
			isa = XCBuildConfiguration;
			baseConfigurationReference = CD14E8B3B60ED13954EEA65A /* Pods-What TodoTests.debug.xcconfig */;
			buildSettings = {
				ALWAYS_EMBED_SWIFT_STANDARD_LIBRARIES = YES;
				BUNDLE_LOADER = "$(TEST_HOST)";
				CODE_SIGN_STYLE = Automatic;
				INFOPLIST_FILE = "What TodoTests/Info.plist";
				IPHONEOS_DEPLOYMENT_TARGET = 13.4;
				LD_RUNPATH_SEARCH_PATHS = (
					"$(inherited)",
					"@executable_path/Frameworks",
					"@loader_path/Frameworks",
				);
				PRODUCT_BUNDLE_IDENTIFIER = "soma.yoshida.What-TodoTests";
				PRODUCT_NAME = "$(TARGET_NAME)";
				SWIFT_VERSION = 5.0;
				TARGETED_DEVICE_FAMILY = "1,2";
				TEST_HOST = "$(BUILT_PRODUCTS_DIR)/What Todo.app/What Todo";
			};
			name = Debug;
		};
		AAC514C324510E3B004BCEE9 /* Release */ = {
			isa = XCBuildConfiguration;
			baseConfigurationReference = D08FB8FAEF3254634A326766 /* Pods-What TodoTests.release.xcconfig */;
			buildSettings = {
				ALWAYS_EMBED_SWIFT_STANDARD_LIBRARIES = YES;
				BUNDLE_LOADER = "$(TEST_HOST)";
				CODE_SIGN_STYLE = Automatic;
				INFOPLIST_FILE = "What TodoTests/Info.plist";
				IPHONEOS_DEPLOYMENT_TARGET = 13.4;
				LD_RUNPATH_SEARCH_PATHS = (
					"$(inherited)",
					"@executable_path/Frameworks",
					"@loader_path/Frameworks",
				);
				PRODUCT_BUNDLE_IDENTIFIER = "soma.yoshida.What-TodoTests";
				PRODUCT_NAME = "$(TARGET_NAME)";
				SWIFT_VERSION = 5.0;
				TARGETED_DEVICE_FAMILY = "1,2";
				TEST_HOST = "$(BUILT_PRODUCTS_DIR)/What Todo.app/What Todo";
			};
			name = Release;
		};
		AAC514C524510E3B004BCEE9 /* Debug */ = {
			isa = XCBuildConfiguration;
			baseConfigurationReference = 8969C62A35700660EA1D4552 /* Pods-What Todo-What TodoUITests.debug.xcconfig */;
			buildSettings = {
				ALWAYS_EMBED_SWIFT_STANDARD_LIBRARIES = YES;
				CODE_SIGN_STYLE = Automatic;
				INFOPLIST_FILE = "What TodoUITests/Info.plist";
				LD_RUNPATH_SEARCH_PATHS = (
					"$(inherited)",
					"@executable_path/Frameworks",
					"@loader_path/Frameworks",
				);
				PRODUCT_BUNDLE_IDENTIFIER = "soma.yoshida.What-TodoUITests";
				PRODUCT_NAME = "$(TARGET_NAME)";
				SWIFT_VERSION = 5.0;
				TARGETED_DEVICE_FAMILY = "1,2";
				TEST_TARGET_NAME = "What Todo";
			};
			name = Debug;
		};
		AAC514C624510E3B004BCEE9 /* Release */ = {
			isa = XCBuildConfiguration;
			baseConfigurationReference = B569A72B65A27262BBD6BE53 /* Pods-What Todo-What TodoUITests.release.xcconfig */;
			buildSettings = {
				ALWAYS_EMBED_SWIFT_STANDARD_LIBRARIES = YES;
				CODE_SIGN_STYLE = Automatic;
				INFOPLIST_FILE = "What TodoUITests/Info.plist";
				LD_RUNPATH_SEARCH_PATHS = (
					"$(inherited)",
					"@executable_path/Frameworks",
					"@loader_path/Frameworks",
				);
				PRODUCT_BUNDLE_IDENTIFIER = "soma.yoshida.What-TodoUITests";
				PRODUCT_NAME = "$(TARGET_NAME)";
				SWIFT_VERSION = 5.0;
				TARGETED_DEVICE_FAMILY = "1,2";
				TEST_TARGET_NAME = "What Todo";
			};
			name = Release;
		};
/* End XCBuildConfiguration section */

/* Begin XCConfigurationList section */
		AAC5148F24510E37004BCEE9 /* Build configuration list for PBXProject "What Todo" */ = {
			isa = XCConfigurationList;
			buildConfigurations = (
				AAC514BC24510E3B004BCEE9 /* Debug */,
				AAC514BD24510E3B004BCEE9 /* Release */,
			);
			defaultConfigurationIsVisible = 0;
			defaultConfigurationName = Release;
		};
		AAC514BE24510E3B004BCEE9 /* Build configuration list for PBXNativeTarget "What Todo" */ = {
			isa = XCConfigurationList;
			buildConfigurations = (
				AAC514BF24510E3B004BCEE9 /* Debug */,
				AAC514C024510E3B004BCEE9 /* Release */,
			);
			defaultConfigurationIsVisible = 0;
			defaultConfigurationName = Release;
		};
		AAC514C124510E3B004BCEE9 /* Build configuration list for PBXNativeTarget "What TodoTests" */ = {
			isa = XCConfigurationList;
			buildConfigurations = (
				AAC514C224510E3B004BCEE9 /* Debug */,
				AAC514C324510E3B004BCEE9 /* Release */,
			);
			defaultConfigurationIsVisible = 0;
			defaultConfigurationName = Release;
		};
		AAC514C424510E3B004BCEE9 /* Build configuration list for PBXNativeTarget "What TodoUITests" */ = {
			isa = XCConfigurationList;
			buildConfigurations = (
				AAC514C524510E3B004BCEE9 /* Debug */,
				AAC514C624510E3B004BCEE9 /* Release */,
			);
			defaultConfigurationIsVisible = 0;
			defaultConfigurationName = Release;
		};
/* End XCConfigurationList section */
	};
	rootObject = AAC5148C24510E37004BCEE9 /* Project object */;
}
